// !$*UTF8*$!
{
	archiveVersion = 1;
	classes = {
	};
	objectVersion = 50;
	objects = {

/* Begin PBXBuildFile section */
		8C42C0EF20FEF98F00107872 /* AppDelegate.swift in Sources */ = {isa = PBXBuildFile; fileRef = 8C42C0EE20FEF98F00107872 /* AppDelegate.swift */; };
		8C42C0F120FEF98F00107872 /* ViewController.swift in Sources */ = {isa = PBXBuildFile; fileRef = 8C42C0F020FEF98F00107872 /* ViewController.swift */; };
		8C42C0F420FEF98F00107872 /* Main.storyboard in Resources */ = {isa = PBXBuildFile; fileRef = 8C42C0F220FEF98F00107872 /* Main.storyboard */; };
		8C42C0F620FEF99000107872 /* Assets.xcassets in Resources */ = {isa = PBXBuildFile; fileRef = 8C42C0F520FEF99000107872 /* Assets.xcassets */; };
		8C42C0F920FEF99000107872 /* LaunchScreen.storyboard in Resources */ = {isa = PBXBuildFile; fileRef = 8C42C0F720FEF99000107872 /* LaunchScreen.storyboard */; };
		8C42C10420FEF99100107872 /* My_List__beta_Tests.swift in Sources */ = {isa = PBXBuildFile; fileRef = 8C42C10320FEF99100107872 /* My_List__beta_Tests.swift */; };
		8C42C10F20FEF99100107872 /* My_List__beta_UITests.swift in Sources */ = {isa = PBXBuildFile; fileRef = 8C42C10E20FEF99100107872 /* My_List__beta_UITests.swift */; };
		8C42C11D20FEFAB900107872 /* AddController.swift in Sources */ = {isa = PBXBuildFile; fileRef = 8C42C11C20FEFAB900107872 /* AddController.swift */; };
		8C42C11F20FF061B00107872 /* CalendarViewController.swift in Sources */ = {isa = PBXBuildFile; fileRef = 8C42C11E20FF061B00107872 /* CalendarViewController.swift */; };
/* End PBXBuildFile section */

/* Begin PBXContainerItemProxy section */
		8C42C10020FEF99100107872 /* PBXContainerItemProxy */ = {
			isa = PBXContainerItemProxy;
			containerPortal = 8C42C0E320FEF98F00107872 /* Project object */;
			proxyType = 1;
			remoteGlobalIDString = 8C42C0EA20FEF98F00107872;
			remoteInfo = "My List (beta)";
		};
		8C42C10B20FEF99100107872 /* PBXContainerItemProxy */ = {
			isa = PBXContainerItemProxy;
			containerPortal = 8C42C0E320FEF98F00107872 /* Project object */;
			proxyType = 1;
			remoteGlobalIDString = 8C42C0EA20FEF98F00107872;
			remoteInfo = "My List (beta)";
		};
/* End PBXContainerItemProxy section */

/* Begin PBXFileReference section */
		8C42C0EB20FEF98F00107872 /* My List (beta).app */ = {isa = PBXFileReference; explicitFileType = wrapper.application; includeInIndex = 0; path = "My List (beta).app"; sourceTree = BUILT_PRODUCTS_DIR; };
		8C42C0EE20FEF98F00107872 /* AppDelegate.swift */ = {isa = PBXFileReference; lastKnownFileType = sourcecode.swift; path = AppDelegate.swift; sourceTree = "<group>"; };
		8C42C0F020FEF98F00107872 /* ViewController.swift */ = {isa = PBXFileReference; lastKnownFileType = sourcecode.swift; path = ViewController.swift; sourceTree = "<group>"; };
		8C42C0F320FEF98F00107872 /* Base */ = {isa = PBXFileReference; lastKnownFileType = file.storyboard; name = Base; path = Base.lproj/Main.storyboard; sourceTree = "<group>"; };
		8C42C0F520FEF99000107872 /* Assets.xcassets */ = {isa = PBXFileReference; lastKnownFileType = folder.assetcatalog; path = Assets.xcassets; sourceTree = "<group>"; };
		8C42C0F820FEF99000107872 /* Base */ = {isa = PBXFileReference; lastKnownFileType = file.storyboard; name = Base; path = Base.lproj/LaunchScreen.storyboard; sourceTree = "<group>"; };
		8C42C0FA20FEF99000107872 /* Info.plist */ = {isa = PBXFileReference; lastKnownFileType = text.plist.xml; path = Info.plist; sourceTree = "<group>"; };
		8C42C0FF20FEF99100107872 /* My List (beta)Tests.xctest */ = {isa = PBXFileReference; explicitFileType = wrapper.cfbundle; includeInIndex = 0; path = "My List (beta)Tests.xctest"; sourceTree = BUILT_PRODUCTS_DIR; };
		8C42C10320FEF99100107872 /* My_List__beta_Tests.swift */ = {isa = PBXFileReference; lastKnownFileType = sourcecode.swift; path = My_List__beta_Tests.swift; sourceTree = "<group>"; };
		8C42C10520FEF99100107872 /* Info.plist */ = {isa = PBXFileReference; lastKnownFileType = text.plist.xml; path = Info.plist; sourceTree = "<group>"; };
		8C42C10A20FEF99100107872 /* My List (beta)UITests.xctest */ = {isa = PBXFileReference; explicitFileType = wrapper.cfbundle; includeInIndex = 0; path = "My List (beta)UITests.xctest"; sourceTree = BUILT_PRODUCTS_DIR; };
		8C42C10E20FEF99100107872 /* My_List__beta_UITests.swift */ = {isa = PBXFileReference; lastKnownFileType = sourcecode.swift; path = My_List__beta_UITests.swift; sourceTree = "<group>"; };
		8C42C11020FEF99100107872 /* Info.plist */ = {isa = PBXFileReference; lastKnownFileType = text.plist.xml; path = Info.plist; sourceTree = "<group>"; };
		8C42C11C20FEFAB900107872 /* AddController.swift */ = {isa = PBXFileReference; lastKnownFileType = sourcecode.swift; path = AddController.swift; sourceTree = "<group>"; };
		8C42C11E20FF061B00107872 /* CalendarViewController.swift */ = {isa = PBXFileReference; lastKnownFileType = sourcecode.swift; path = CalendarViewController.swift; sourceTree = "<group>"; };
/* End PBXFileReference section */

/* Begin PBXFrameworksBuildPhase section */
		8C42C0E820FEF98F00107872 /* Frameworks */ = {
			isa = PBXFrameworksBuildPhase;
			buildActionMask = 2147483647;
			files = (
			);
			runOnlyForDeploymentPostprocessing = 0;
		};
		8C42C0FC20FEF99100107872 /* Frameworks */ = {
			isa = PBXFrameworksBuildPhase;
			buildActionMask = 2147483647;
			files = (
			);
			runOnlyForDeploymentPostprocessing = 0;
		};
		8C42C10720FEF99100107872 /* Frameworks */ = {
			isa = PBXFrameworksBuildPhase;
			buildActionMask = 2147483647;
			files = (
			);
			runOnlyForDeploymentPostprocessing = 0;
		};
/* End PBXFrameworksBuildPhase section */

/* Begin PBXGroup section */
		8C42C0E220FEF98F00107872 = {
			isa = PBXGroup;
			children = (
				8C42C0ED20FEF98F00107872 /* My List (beta) */,
				8C42C10220FEF99100107872 /* My List (beta)Tests */,
				8C42C10D20FEF99100107872 /* My List (beta)UITests */,
				8C42C0EC20FEF98F00107872 /* Products */,
			);
			sourceTree = "<group>";
		};
		8C42C0EC20FEF98F00107872 /* Products */ = {
			isa = PBXGroup;
			children = (
				8C42C0EB20FEF98F00107872 /* My List (beta).app */,
				8C42C0FF20FEF99100107872 /* My List (beta)Tests.xctest */,
				8C42C10A20FEF99100107872 /* My List (beta)UITests.xctest */,
			);
			name = Products;
			sourceTree = "<group>";
		};
		8C42C0ED20FEF98F00107872 /* My List (beta) */ = {
			isa = PBXGroup;
			children = (
				8C42C0EE20FEF98F00107872 /* AppDelegate.swift */,
				8C42C0F020FEF98F00107872 /* ViewController.swift */,
				8C42C0F220FEF98F00107872 /* Main.storyboard */,
				8C42C11E20FF061B00107872 /* CalendarViewController.swift */,
				8C42C11C20FEFAB900107872 /* AddController.swift */,
				8C42C0F520FEF99000107872 /* Assets.xcassets */,
				8C42C0F720FEF99000107872 /* LaunchScreen.storyboard */,
				8C42C0FA20FEF99000107872 /* Info.plist */,
			);
			path = "My List (beta)";
			sourceTree = "<group>";
		};
		8C42C10220FEF99100107872 /* My List (beta)Tests */ = {
			isa = PBXGroup;
			children = (
				8C42C10320FEF99100107872 /* My_List__beta_Tests.swift */,
				8C42C10520FEF99100107872 /* Info.plist */,
			);
			path = "My List (beta)Tests";
			sourceTree = "<group>";
		};
		8C42C10D20FEF99100107872 /* My List (beta)UITests */ = {
			isa = PBXGroup;
			children = (
				8C42C10E20FEF99100107872 /* My_List__beta_UITests.swift */,
				8C42C11020FEF99100107872 /* Info.plist */,
			);
			path = "My List (beta)UITests";
			sourceTree = "<group>";
		};
/* End PBXGroup section */

/* Begin PBXNativeTarget section */
		8C42C0EA20FEF98F00107872 /* My List (beta) */ = {
			isa = PBXNativeTarget;
			buildConfigurationList = 8C42C11320FEF99100107872 /* Build configuration list for PBXNativeTarget "My List (beta)" */;
			buildPhases = (
				8C42C0E720FEF98F00107872 /* Sources */,
				8C42C0E820FEF98F00107872 /* Frameworks */,
				8C42C0E920FEF98F00107872 /* Resources */,
			);
			buildRules = (
			);
			dependencies = (
			);
			name = "My List (beta)";
			productName = "My List (beta)";
			productReference = 8C42C0EB20FEF98F00107872 /* My List (beta).app */;
			productType = "com.apple.product-type.application";
		};
		8C42C0FE20FEF99100107872 /* My List (beta)Tests */ = {
			isa = PBXNativeTarget;
			buildConfigurationList = 8C42C11620FEF99100107872 /* Build configuration list for PBXNativeTarget "My List (beta)Tests" */;
			buildPhases = (
				8C42C0FB20FEF99100107872 /* Sources */,
				8C42C0FC20FEF99100107872 /* Frameworks */,
				8C42C0FD20FEF99100107872 /* Resources */,
			);
			buildRules = (
			);
			dependencies = (
				8C42C10120FEF99100107872 /* PBXTargetDependency */,
			);
			name = "My List (beta)Tests";
			productName = "My List (beta)Tests";
			productReference = 8C42C0FF20FEF99100107872 /* My List (beta)Tests.xctest */;
			productType = "com.apple.product-type.bundle.unit-test";
		};
		8C42C10920FEF99100107872 /* My List (beta)UITests */ = {
			isa = PBXNativeTarget;
			buildConfigurationList = 8C42C11920FEF99100107872 /* Build configuration list for PBXNativeTarget "My List (beta)UITests" */;
			buildPhases = (
				8C42C10620FEF99100107872 /* Sources */,
				8C42C10720FEF99100107872 /* Frameworks */,
				8C42C10820FEF99100107872 /* Resources */,
			);
			buildRules = (
			);
			dependencies = (
				8C42C10C20FEF99100107872 /* PBXTargetDependency */,
			);
			name = "My List (beta)UITests";
			productName = "My List (beta)UITests";
			productReference = 8C42C10A20FEF99100107872 /* My List (beta)UITests.xctest */;
			productType = "com.apple.product-type.bundle.ui-testing";
		};
/* End PBXNativeTarget section */

/* Begin PBXProject section */
		8C42C0E320FEF98F00107872 /* Project object */ = {
			isa = PBXProject;
			attributes = {
				LastSwiftUpdateCheck = 0940;
				LastUpgradeCheck = 0940;
				ORGANIZATIONNAME = "Kosuke Sasaki";
				TargetAttributes = {
					8C42C0EA20FEF98F00107872 = {
						CreatedOnToolsVersion = 9.4;
					};
					8C42C0FE20FEF99100107872 = {
						CreatedOnToolsVersion = 9.4;
						TestTargetID = 8C42C0EA20FEF98F00107872;
					};
					8C42C10920FEF99100107872 = {
						CreatedOnToolsVersion = 9.4;
						TestTargetID = 8C42C0EA20FEF98F00107872;
					};
				};
			};
			buildConfigurationList = 8C42C0E620FEF98F00107872 /* Build configuration list for PBXProject "My List (beta)" */;
			compatibilityVersion = "Xcode 9.3";
			developmentRegion = en;
			hasScannedForEncodings = 0;
			knownRegions = (
				en,
				Base,
			);
			mainGroup = 8C42C0E220FEF98F00107872;
			productRefGroup = 8C42C0EC20FEF98F00107872 /* Products */;
			projectDirPath = "";
			projectRoot = "";
			targets = (
				8C42C0EA20FEF98F00107872 /* My List (beta) */,
				8C42C0FE20FEF99100107872 /* My List (beta)Tests */,
				8C42C10920FEF99100107872 /* My List (beta)UITests */,
			);
		};
/* End PBXProject section */

/* Begin PBXResourcesBuildPhase section */
		8C42C0E920FEF98F00107872 /* Resources */ = {
			isa = PBXResourcesBuildPhase;
			buildActionMask = 2147483647;
			files = (
				8C42C0F920FEF99000107872 /* LaunchScreen.storyboard in Resources */,
				8C42C0F620FEF99000107872 /* Assets.xcassets in Resources */,
				8C42C0F420FEF98F00107872 /* Main.storyboard in Resources */,
			);
			runOnlyForDeploymentPostprocessing = 0;
		};
		8C42C0FD20FEF99100107872 /* Resources */ = {
			isa = PBXResourcesBuildPhase;
			buildActionMask = 2147483647;
			files = (
			);
			runOnlyForDeploymentPostprocessing = 0;
		};
		8C42C10820FEF99100107872 /* Resources */ = {
			isa = PBXResourcesBuildPhase;
			buildActionMask = 2147483647;
			files = (
			);
			runOnlyForDeploymentPostprocessing = 0;
		};
/* End PBXResourcesBuildPhase section */

/* Begin PBXSourcesBuildPhase section */
		8C42C0E720FEF98F00107872 /* Sources */ = {
			isa = PBXSourcesBuildPhase;
			buildActionMask = 2147483647;
			files = (
				8C42C11F20FF061B00107872 /* CalendarViewController.swift in Sources */,
				8C42C11D20FEFAB900107872 /* AddController.swift in Sources */,
				8C42C0F120FEF98F00107872 /* ViewController.swift in Sources */,
				8C42C0EF20FEF98F00107872 /* AppDelegate.swift in Sources */,
			);
			runOnlyForDeploymentPostprocessing = 0;
		};
		8C42C0FB20FEF99100107872 /* Sources */ = {
			isa = PBXSourcesBuildPhase;
			buildActionMask = 2147483647;
			files = (
				8C42C10420FEF99100107872 /* My_List__beta_Tests.swift in Sources */,
			);
			runOnlyForDeploymentPostprocessing = 0;
		};
		8C42C10620FEF99100107872 /* Sources */ = {
			isa = PBXSourcesBuildPhase;
			buildActionMask = 2147483647;
			files = (
				8C42C10F20FEF99100107872 /* My_List__beta_UITests.swift in Sources */,
			);
			runOnlyForDeploymentPostprocessing = 0;
		};
/* End PBXSourcesBuildPhase section */

/* Begin PBXTargetDependency section */
		8C42C10120FEF99100107872 /* PBXTargetDependency */ = {
			isa = PBXTargetDependency;
			target = 8C42C0EA20FEF98F00107872 /* My List (beta) */;
			targetProxy = 8C42C10020FEF99100107872 /* PBXContainerItemProxy */;
		};
		8C42C10C20FEF99100107872 /* PBXTargetDependency */ = {
			isa = PBXTargetDependency;
			target = 8C42C0EA20FEF98F00107872 /* My List (beta) */;
			targetProxy = 8C42C10B20FEF99100107872 /* PBXContainerItemProxy */;
		};
/* End PBXTargetDependency section */

/* Begin PBXVariantGroup section */
		8C42C0F220FEF98F00107872 /* Main.storyboard */ = {
			isa = PBXVariantGroup;
			children = (
				8C42C0F320FEF98F00107872 /* Base */,
			);
			name = Main.storyboard;
			sourceTree = "<group>";
		};
		8C42C0F720FEF99000107872 /* LaunchScreen.storyboard */ = {
			isa = PBXVariantGroup;
			children = (
				8C42C0F820FEF99000107872 /* Base */,
			);
			name = LaunchScreen.storyboard;
			sourceTree = "<group>";
		};
/* End PBXVariantGroup section */

/* Begin XCBuildConfiguration section */
		8C42C11120FEF99100107872 /* Debug */ = {
			isa = XCBuildConfiguration;
			buildSettings = {
				ALWAYS_SEARCH_USER_PATHS = NO;
				CLANG_ANALYZER_NONNULL = YES;
				CLANG_ANALYZER_NUMBER_OBJECT_CONVERSION = YES_AGGRESSIVE;
				CLANG_CXX_LANGUAGE_STANDARD = "gnu++14";
				CLANG_CXX_LIBRARY = "libc++";
				CLANG_ENABLE_MODULES = YES;
				CLANG_ENABLE_OBJC_ARC = YES;
				CLANG_ENABLE_OBJC_WEAK = YES;
				CLANG_WARN_BLOCK_CAPTURE_AUTORELEASING = YES;
				CLANG_WARN_BOOL_CONVERSION = YES;
				CLANG_WARN_COMMA = YES;
				CLANG_WARN_CONSTANT_CONVERSION = YES;
				CLANG_WARN_DEPRECATED_OBJC_IMPLEMENTATIONS = YES;
				CLANG_WARN_DIRECT_OBJC_ISA_USAGE = YES_ERROR;
				CLANG_WARN_DOCUMENTATION_COMMENTS = YES;
				CLANG_WARN_EMPTY_BODY = YES;
				CLANG_WARN_ENUM_CONVERSION = YES;
				CLANG_WARN_INFINITE_RECURSION = YES;
				CLANG_WARN_INT_CONVERSION = YES;
				CLANG_WARN_NON_LITERAL_NULL_CONVERSION = YES;
				CLANG_WARN_OBJC_IMPLICIT_RETAIN_SELF = YES;
				CLANG_WARN_OBJC_LITERAL_CONVERSION = YES;
				CLANG_WARN_OBJC_ROOT_CLASS = YES_ERROR;
				CLANG_WARN_RANGE_LOOP_ANALYSIS = YES;
				CLANG_WARN_STRICT_PROTOTYPES = YES;
				CLANG_WARN_SUSPICIOUS_MOVE = YES;
				CLANG_WARN_UNGUARDED_AVAILABILITY = YES_AGGRESSIVE;
				CLANG_WARN_UNREACHABLE_CODE = YES;
				CLANG_WARN__DUPLICATE_METHOD_MATCH = YES;
				CODE_SIGN_IDENTITY = "iPhone Developer";
				COPY_PHASE_STRIP = NO;
				DEBUG_INFORMATION_FORMAT = dwarf;
				ENABLE_STRICT_OBJC_MSGSEND = YES;
				ENABLE_TESTABILITY = YES;
				GCC_C_LANGUAGE_STANDARD = gnu11;
				GCC_DYNAMIC_NO_PIC = NO;
				GCC_NO_COMMON_BLOCKS = YES;
				GCC_OPTIMIZATION_LEVEL = 0;
				GCC_PREPROCESSOR_DEFINITIONS = (
					"DEBUG=1",
					"$(inherited)",
				);
				GCC_WARN_64_TO_32_BIT_CONVERSION = YES;
				GCC_WARN_ABOUT_RETURN_TYPE = YES_ERROR;
				GCC_WARN_UNDECLARED_SELECTOR = YES;
				GCC_WARN_UNINITIALIZED_AUTOS = YES_AGGRESSIVE;
				GCC_WARN_UNUSED_FUNCTION = YES;
				GCC_WARN_UNUSED_VARIABLE = YES;
				IPHONEOS_DEPLOYMENT_TARGET = 11.4;
				MTL_ENABLE_DEBUG_INFO = YES;
				ONLY_ACTIVE_ARCH = YES;
				SDKROOT = iphoneos;
				SWIFT_ACTIVE_COMPILATION_CONDITIONS = DEBUG;
				SWIFT_OPTIMIZATION_LEVEL = "-Onone";
			};
			name = Debug;
		};
		8C42C11220FEF99100107872 /* Release */ = {
			isa = XCBuildConfiguration;
			buildSettings = {
				ALWAYS_SEARCH_USER_PATHS = NO;
				CLANG_ANALYZER_NONNULL = YES;
				CLANG_ANALYZER_NUMBER_OBJECT_CONVERSION = YES_AGGRESSIVE;
				CLANG_CXX_LANGUAGE_STANDARD = "gnu++14";
				CLANG_CXX_LIBRARY = "libc++";
				CLANG_ENABLE_MODULES = YES;
				CLANG_ENABLE_OBJC_ARC = YES;
				CLANG_ENABLE_OBJC_WEAK = YES;
				CLANG_WARN_BLOCK_CAPTURE_AUTORELEASING = YES;
				CLANG_WARN_BOOL_CONVERSION = YES;
				CLANG_WARN_COMMA = YES;
				CLANG_WARN_CONSTANT_CONVERSION = YES;
				CLANG_WARN_DEPRECATED_OBJC_IMPLEMENTATIONS = YES;
				CLANG_WARN_DIRECT_OBJC_ISA_USAGE = YES_ERROR;
				CLANG_WARN_DOCUMENTATION_COMMENTS = YES;
				CLANG_WARN_EMPTY_BODY = YES;
				CLANG_WARN_ENUM_CONVERSION = YES;
				CLANG_WARN_INFINITE_RECURSION = YES;
				CLANG_WARN_INT_CONVERSION = YES;
				CLANG_WARN_NON_LITERAL_NULL_CONVERSION = YES;
				CLANG_WARN_OBJC_IMPLICIT_RETAIN_SELF = YES;
				CLANG_WARN_OBJC_LITERAL_CONVERSION = YES;
				CLANG_WARN_OBJC_ROOT_CLASS = YES_ERROR;
				CLANG_WARN_RANGE_LOOP_ANALYSIS = YES;
				CLANG_WARN_STRICT_PROTOTYPES = YES;
				CLANG_WARN_SUSPICIOUS_MOVE = YES;
				CLANG_WARN_UNGUARDED_AVAILABILITY = YES_AGGRESSIVE;
				CLANG_WARN_UNREACHABLE_CODE = YES;
				CLANG_WARN__DUPLICATE_METHOD_MATCH = YES;
				CODE_SIGN_IDENTITY = "iPhone Developer";
				COPY_PHASE_STRIP = NO;
				DEBUG_INFORMATION_FORMAT = "dwarf-with-dsym";
				ENABLE_NS_ASSERTIONS = NO;
				ENABLE_STRICT_OBJC_MSGSEND = YES;
				GCC_C_LANGUAGE_STANDARD = gnu11;
				GCC_NO_COMMON_BLOCKS = YES;
				GCC_WARN_64_TO_32_BIT_CONVERSION = YES;
				GCC_WARN_ABOUT_RETURN_TYPE = YES_ERROR;
				GCC_WARN_UNDECLARED_SELECTOR = YES;
				GCC_WARN_UNINITIALIZED_AUTOS = YES_AGGRESSIVE;
				GCC_WARN_UNUSED_FUNCTION = YES;
				GCC_WARN_UNUSED_VARIABLE = YES;
				IPHONEOS_DEPLOYMENT_TARGET = 11.4;
				MTL_ENABLE_DEBUG_INFO = NO;
				SDKROOT = iphoneos;
				SWIFT_COMPILATION_MODE = wholemodule;
				SWIFT_OPTIMIZATION_LEVEL = "-O";
				VALIDATE_PRODUCT = YES;
			};
			name = Release;
		};
		8C42C11420FEF99100107872 /* Debug */ = {
			isa = XCBuildConfiguration;
			buildSettings = {
				ASSETCATALOG_COMPILER_APPICON_NAME = AppIcon;
				CODE_SIGN_STYLE = Automatic;
				DEVELOPMENT_TEAM = 7774HFM6R2;
				INFOPLIST_FILE = "My List (beta)/Info.plist";
				LD_RUNPATH_SEARCH_PATHS = (
					"$(inherited)",
					"@executable_path/Frameworks",
				);
				PRODUCT_BUNDLE_IDENTIFIER = "com.kosukesasaki.My-List--beta-";
				PRODUCT_NAME = "$(TARGET_NAME)";
				SWIFT_VERSION = 4.0;
				TARGETED_DEVICE_FAMILY = "1,2";
			};
			name = Debug;
		};
		8C42C11520FEF99100107872 /* Release */ = {
			isa = XCBuildConfiguration;
			buildSettings = {
				ASSETCATALOG_COMPILER_APPICON_NAME = AppIcon;
				CODE_SIGN_STYLE = Automatic;
				DEVELOPMENT_TEAM = 7774HFM6R2;
				INFOPLIST_FILE = "My List (beta)/Info.plist";
				LD_RUNPATH_SEARCH_PATHS = (
					"$(inherited)",
					"@executable_path/Frameworks",
				);
				PRODUCT_BUNDLE_IDENTIFIER = "com.kosukesasaki.My-List--beta-";
				PRODUCT_NAME = "$(TARGET_NAME)";
				SWIFT_VERSION = 4.0;
				TARGETED_DEVICE_FAMILY = "1,2";
			};
			name = Release;
		};
		8C42C11720FEF99100107872 /* Debug */ = {
			isa = XCBuildConfiguration;
			buildSettings = {
				ALWAYS_EMBED_SWIFT_STANDARD_LIBRARIES = YES;
				BUNDLE_LOADER = "$(TEST_HOST)";
				CODE_SIGN_STYLE = Automatic;
				DEVELOPMENT_TEAM = 7774HFM6R2;
				INFOPLIST_FILE = "My List (beta)Tests/Info.plist";
				LD_RUNPATH_SEARCH_PATHS = (
					"$(inherited)",
					"@executable_path/Frameworks",
					"@loader_path/Frameworks",
				);
				PRODUCT_BUNDLE_IDENTIFIER = "com.kosukesasaki.My-List--beta-Tests";
				PRODUCT_NAME = "$(TARGET_NAME)";
				SWIFT_VERSION = 4.0;
				TARGETED_DEVICE_FAMILY = "1,2";
				TEST_HOST = "$(BUILT_PRODUCTS_DIR)/My List (beta).app/My List (beta)";
			};
			name = Debug;
		};
		8C42C11820FEF99100107872 /* Release */ = {
			isa = XCBuildConfiguration;
			buildSettings = {
				ALWAYS_EMBED_SWIFT_STANDARD_LIBRARIES = YES;
				BUNDLE_LOADER = "$(TEST_HOST)";
				CODE_SIGN_STYLE = Automatic;
				DEVELOPMENT_TEAM = 7774HFM6R2;
				INFOPLIST_FILE = "My List (beta)Tests/Info.plist";
				LD_RUNPATH_SEARCH_PATHS = (
					"$(inherited)",
					"@executable_path/Frameworks",
					"@loader_path/Frameworks",
				);
				PRODUCT_BUNDLE_IDENTIFIER = "com.kosukesasaki.My-List--beta-Tests";
				PRODUCT_NAME = "$(TARGET_NAME)";
				SWIFT_VERSION = 4.0;
				TARGETED_DEVICE_FAMILY = "1,2";
				TEST_HOST = "$(BUILT_PRODUCTS_DIR)/My List (beta).app/My List (beta)";
			};
			name = Release;
		};
		8C42C11A20FEF99100107872 /* Debug */ = {
			isa = XCBuildConfiguration;
			buildSettings = {
				ALWAYS_EMBED_SWIFT_STANDARD_LIBRARIES = YES;
				CODE_SIGN_STYLE = Automatic;
				DEVELOPMENT_TEAM = 7774HFM6R2;
				INFOPLIST_FILE = "My List (beta)UITests/Info.plist";
				LD_RUNPATH_SEARCH_PATHS = (
					"$(inherited)",
					"@executable_path/Frameworks",
					"@loader_path/Frameworks",
				);
				PRODUCT_BUNDLE_IDENTIFIER = "com.kosukesasaki.My-List--beta-UITests";
				PRODUCT_NAME = "$(TARGET_NAME)";
				SWIFT_VERSION = 4.0;
				TARGETED_DEVICE_FAMILY = "1,2";
				TEST_TARGET_NAME = "My List (beta)";
			};
			name = Debug;
		};
		8C42C11B20FEF99100107872 /* Release */ = {
			isa = XCBuildConfiguration;
			buildSettings = {
				ALWAYS_EMBED_SWIFT_STANDARD_LIBRARIES = YES;
				CODE_SIGN_STYLE = Automatic;
				DEVELOPMENT_TEAM = 7774HFM6R2;
				INFOPLIST_FILE = "My List (beta)UITests/Info.plist";
				LD_RUNPATH_SEARCH_PATHS = (
					"$(inherited)",
					"@executable_path/Frameworks",
					"@loader_path/Frameworks",
				);
				PRODUCT_BUNDLE_IDENTIFIER = "com.kosukesasaki.My-List--beta-UITests";
				PRODUCT_NAME = "$(TARGET_NAME)";
				SWIFT_VERSION = 4.0;
				TARGETED_DEVICE_FAMILY = "1,2";
				TEST_TARGET_NAME = "My List (beta)";
			};
			name = Release;
		};
/* End XCBuildConfiguration section */

/* Begin XCConfigurationList section */
		8C42C0E620FEF98F00107872 /* Build configuration list for PBXProject "My List (beta)" */ = {
			isa = XCConfigurationList;
			buildConfigurations = (
				8C42C11120FEF99100107872 /* Debug */,
				8C42C11220FEF99100107872 /* Release */,
			);
			defaultConfigurationIsVisible = 0;
			defaultConfigurationName = Release;
		};
		8C42C11320FEF99100107872 /* Build configuration list for PBXNativeTarget "My List (beta)" */ = {
			isa = XCConfigurationList;
			buildConfigurations = (
				8C42C11420FEF99100107872 /* Debug */,
				8C42C11520FEF99100107872 /* Release */,
			);
			defaultConfigurationIsVisible = 0;
			defaultConfigurationName = Release;
		};
		8C42C11620FEF99100107872 /* Build configuration list for PBXNativeTarget "My List (beta)Tests" */ = {
			isa = XCConfigurationList;
			buildConfigurations = (
				8C42C11720FEF99100107872 /* Debug */,
				8C42C11820FEF99100107872 /* Release */,
			);
			defaultConfigurationIsVisible = 0;
			defaultConfigurationName = Release;
		};
		8C42C11920FEF99100107872 /* Build configuration list for PBXNativeTarget "My List (beta)UITests" */ = {
			isa = XCConfigurationList;
			buildConfigurations = (
				8C42C11A20FEF99100107872 /* Debug */,
				8C42C11B20FEF99100107872 /* Release */,
			);
			defaultConfigurationIsVisible = 0;
			defaultConfigurationName = Release;
		};
/* End XCConfigurationList section */
	};
	rootObject = 8C42C0E320FEF98F00107872 /* Project object */;
}
